
Microsoft Visual Studio Solution File, Format Version 12.00
# Visual Studio Version 16
VisualStudioVersion = 16.0.31624.102
MinimumVisualStudioVersion = 10.0.40219.1
Project("{8BC9CEB8-8B4A-11D0-8D11-00A0C91BC942}") = "ConsoleApplication1", "ConsoleApplication1\ConsoleApplication1.vcxproj", "{6B908B97-F1D3-41CF-84F0-5D7BD436F190}"
EndProject
Project("{8BC9CEB8-8B4A-11D0-8D11-00A0C91BC942}") = "ConsoleApplication2", "ConsoleApplication2\ConsoleApplication2.vcxproj", "{179C2380-A05C-4C2F-8D91-4C265F65522A}"
EndProject
Project("{8BC9CEB8-8B4A-11D0-8D11-00A0C91BC942}") = "ConsoleApplication3", "ConsoleApplication3\ConsoleApplication3.vcxproj", "{2391DC02-ACF4-4FF5-A3C9-6C824690DB74}"
EndProject
Project("{8BC9CEB8-8B4A-11D0-8D11-00A0C91BC942}") = "ConsoleApplication4", "ConsoleApplication4\ConsoleApplication4.vcxproj", "{0B99B34D-954A-4F31-88C2-629DC35CB236}"
EndProject
Global
	GlobalSection(SolutionConfigurationPlatforms) = preSolution
		Debug|x64 = Debug|x64
		Debug|x86 = Debug|x86
		Release|x64 = Release|x64
		Release|x86 = Release|x86
	EndGlobalSection
	GlobalSection(ProjectConfigurationPlatforms) = postSolution
		{6B908B97-F1D3-41CF-84F0-5D7BD436F190}.Debug|x64.ActiveCfg = Debug|x64
		{6B908B97-F1D3-41CF-84F0-5D7BD436F190}.Debug|x64.Build.0 = Debug|x64
		{6B908B97-F1D3-41CF-84F0-5D7BD436F190}.Debug|x86.ActiveCfg = Debug|Win32
		{6B908B97-F1D3-41CF-84F0-5D7BD436F190}.Debug|x86.Build.0 = Debug|Win32
		{6B908B97-F1D3-41CF-84F0-5D7BD436F190}.Release|x64.ActiveCfg = Release|x64
		{6B908B97-F1D3-41CF-84F0-5D7BD436F190}.Release|x64.Build.0 = Release|x64
		{6B908B97-F1D3-41CF-84F0-5D7BD436F190}.Release|x86.ActiveCfg = Release|Win32
		{6B908B97-F1D3-41CF-84F0-5D7BD436F190}.Release|x86.Build.0 = Release|Win32
		{179C2380-A05C-4C2F-8D91-4C265F65522A}.Debug|x64.ActiveCfg = Debug|x64
		{179C2380-A05C-4C2F-8D91-4C265F65522A}.Debug|x64.Build.0 = Debug|x64
		{179C2380-A05C-4C2F-8D91-4C265F65522A}.Debug|x86.ActiveCfg = Debug|Win32
		{179C2380-A05C-4C2F-8D91-4C265F65522A}.Debug|x86.Build.0 = Debug|Win32
		{179C2380-A05C-4C2F-8D91-4C265F65522A}.Release|x64.ActiveCfg = Release|x64
		{179C2380-A05C-4C2F-8D91-4C265F65522A}.Release|x64.Build.0 = Release|x64
		{179C2380-A05C-4C2F-8D91-4C265F65522A}.Release|x86.ActiveCfg = Release|Win32
		{179C2380-A05C-4C2F-8D91-4C265F65522A}.Release|x86.Build.0 = Release|Win32
		{2391DC02-ACF4-4FF5-A3C9-6C824690DB74}.Debug|x64.ActiveCfg = Debug|x64
		{2391DC02-ACF4-4FF5-A3C9-6C824690DB74}.Debug|x64.Build.0 = Debug|x64
		{2391DC02-ACF4-4FF5-A3C9-6C824690DB74}.Debug|x86.ActiveCfg = Debug|Win32
		{2391DC02-ACF4-4FF5-A3C9-6C824690DB74}.Debug|x86.Build.0 = Debug|Win32
		{2391DC02-ACF4-4FF5-A3C9-6C824690DB74}.Release|x64.ActiveCfg = Release|x64
		{2391DC02-ACF4-4FF5-A3C9-6C824690DB74}.Release|x64.Build.0 = Release|x64
		{2391DC02-ACF4-4FF5-A3C9-6C824690DB74}.Release|x86.ActiveCfg = Release|Win32
		{2391DC02-ACF4-4FF5-A3C9-6C824690DB74}.Release|x86.Build.0 = Release|Win32
		{0B99B34D-954A-4F31-88C2-629DC35CB236}.Debug|x64.ActiveCfg = Debug|x64
		{0B99B34D-954A-4F31-88C2-629DC35CB236}.Debug|x64.Build.0 = Debug|x64
		{0B99B34D-954A-4F31-88C2-629DC35CB236}.Debug|x86.ActiveCfg = Debug|Win32
		{0B99B34D-954A-4F31-88C2-629DC35CB236}.Debug|x86.Build.0 = Debug|Win32
		{0B99B34D-954A-4F31-88C2-629DC35CB236}.Release|x64.ActiveCfg = Release|x64
		{0B99B34D-954A-4F31-88C2-629DC35CB236}.Release|x64.Build.0 = Release|x64
		{0B99B34D-954A-4F31-88C2-629DC35CB236}.Release|x86.ActiveCfg = Release|Win32
		{0B99B34D-954A-4F31-88C2-629DC35CB236}.Release|x86.Build.0 = Release|Win32
	EndGlobalSection
	GlobalSection(SolutionProperties) = preSolution
		HideSolutionNode = FALSE
	EndGlobalSection
	GlobalSection(ExtensibilityGlobals) = postSolution
		SolutionGuid = {0EAB635F-E710-4C5E-91EA-F9FD142AA3F3}
	EndGlobalSection
EndGlobal
