<?xml version="1.0" encoding="utf-8"?>
<Project ToolsVersion="4.0" xmlns="http://schemas.microsoft.com/developer/msbuild/2003">
  <ItemGroup>
    <Filter Include="Source Files">
      <UniqueIdentifier>{d379a47d-987e-4418-bc8f-a92b5036a4a9}</UniqueIdentifier>
      <Extensions>cpp;c;cxx;rc;def;r;odl;idl;hpj;bat</Extensions>
    </Filter>
    <Filter Include="Header Files">
      <UniqueIdentifier>{ffda8a2f-5097-4cf9-91ad-4e34a2d64d68}</UniqueIdentifier>
      <Extensions>h;hpp;hxx;hm;inl</Extensions>
    </Filter>
    <Filter Include="Resource Files">
      <UniqueIdentifier>{30af84d4-89f4-40d8-8cfc-768b3cb91b2f}</UniqueIdentifier>
      <Extensions>ico;cur;bmp;dlg;rc2;rct;bin;rgs;gif;jpg;jpeg;jpe</Extensions>
    </Filter>
  </ItemGroup>
  <ItemGroup>
    <ClCompile Include="AllScan.cpp">
      <Filter>Source Files</Filter>
    </ClCompile>
    <ClCompile Include="CmdDlg.cpp">
      <Filter>Source Files</Filter>
    </ClCompile>
    <ClCompile Include="DosScan.cpp">
      <Filter>Source Files</Filter>
    </ClCompile>
    <ClCompile Include="HostScan.cpp">
      <Filter>Source Files</Filter>
    </ClCompile>
    <ClCompile Include="NetBIOSScan.cpp">
      <Filter>Source Files</Filter>
    </ClCompile>
    <ClCompile Include="PortScan.cpp">
      <Filter>Source Files</Filter>
    </ClCompile>
    <ClCompile Include="Scanner.cpp">
      <Filter>Source Files</Filter>
    </ClCompile>
    <ClCompile Include="ScannerDlg.cpp">
      <Filter>Source Files</Filter>
    </ClCompile>
    <ClCompile Include="SnifferScan.cpp">
      <Filter>Source Files</Filter>
    </ClCompile>
    <ClCompile Include="SNMPScan.cpp">
      <Filter>Source Files</Filter>
    </ClCompile>
    <ClCompile Include="SQLScan.cpp">
      <Filter>Source Files</Filter>
    </ClCompile>
    <ClCompile Include="SSSelectIP.cpp">
      <Filter>Source Files</Filter>
    </ClCompile>
    <ClCompile Include="StdAfx.cpp">
      <Filter>Source Files</Filter>
    </ClCompile>
    <ClCompile Include="WeakKeyScan.cpp">
      <Filter>Source Files</Filter>
    </ClCompile>
  </ItemGroup>
  <ItemGroup>
    <ResourceCompile Include="Scanner.rc">
      <Filter>Source Files</Filter>
    </ResourceCompile>
  </ItemGroup>
  <ItemGroup>
    <ClInclude Include="AllScan.h">
      <Filter>Header Files</Filter>
    </ClInclude>
    <ClInclude Include="CmdDlg.h">
      <Filter>Header Files</Filter>
    </ClInclude>
    <ClInclude Include="DosScan.h">
      <Filter>Header Files</Filter>
    </ClInclude>
    <ClInclude Include="HostScan.h">
      <Filter>Header Files</Filter>
    </ClInclude>
    <ClInclude Include="NetBIOSScan.h">
      <Filter>Header Files</Filter>
    </ClInclude>
    <ClInclude Include="PortScan.h">
      <Filter>Header Files</Filter>
    </ClInclude>
    <ClInclude Include="Resource.h">
      <Filter>Header Files</Filter>
    </ClInclude>
    <ClInclude Include="Scanner.h">
      <Filter>Header Files</Filter>
    </ClInclude>
    <ClInclude Include="ScannerDlg.h">
      <Filter>Header Files</Filter>
    </ClInclude>
    <ClInclude Include="SnifferScan.h">
      <Filter>Header Files</Filter>
    </ClInclude>
    <ClInclude Include="SNMPScan.h">
      <Filter>Header Files</Filter>
    </ClInclude>
    <ClInclude Include="SQLScan.h">
      <Filter>Header Files</Filter>
    </ClInclude>
    <ClInclude Include="SSSelectIP.h">
      <Filter>Header Files</Filter>
    </ClInclude>
    <ClInclude Include="StdAfx.h">
      <Filter>Header Files</Filter>
    </ClInclude>
    <ClInclude Include="WeakKeyScan.h">
      <Filter>Header Files</Filter>
    </ClInclude>
  </ItemGroup>
  <ItemGroup>
    <Image Include="res\Scanner.ico">
      <Filter>Resource Files</Filter>
    </Image>
  </ItemGroup>
  <ItemGroup>
    <None Include="res\Scanner.rc2">
      <Filter>Resource Files</Filter>
    </None>
  </ItemGroup>
  <ItemGroup>
    <Text Include="ReadMe.txt" />
  </ItemGroup>
</Project>